// !$*UTF8*$!
{
	archiveVersion = 1;
	classes = {
	};
	objectVersion = 56;
	objects = {

/* Begin PBXBuildFile section */
		ECFE095C2A01CB0E001A7C22 /* TakApp.swift in Sources */ = {isa = PBXBuildFile; fileRef = ECFE095B2A01CB0E001A7C22 /* TakApp.swift */; };
		ECFE09602A01CB0F001A7C22 /* Assets.xcassets in Resources */ = {isa = PBXBuildFile; fileRef = ECFE095F2A01CB0F001A7C22 /* Assets.xcassets */; };
		ECFE09632A01CB0F001A7C22 /* Preview Assets.xcassets in Resources */ = {isa = PBXBuildFile; fileRef = ECFE09622A01CB0F001A7C22 /* Preview Assets.xcassets */; };
		ECFE096D2A01CB0F001A7C22 /* TakTests.swift in Sources */ = {isa = PBXBuildFile; fileRef = ECFE096C2A01CB0F001A7C22 /* TakTests.swift */; };
		ECFE09772A01CB0F001A7C22 /* TakUITests.swift in Sources */ = {isa = PBXBuildFile; fileRef = ECFE09762A01CB0F001A7C22 /* TakUITests.swift */; };
		ECFE09792A01CB0F001A7C22 /* TakUITestsLaunchTests.swift in Sources */ = {isa = PBXBuildFile; fileRef = ECFE09782A01CB0F001A7C22 /* TakUITestsLaunchTests.swift */; };
		ECFE098D2A01D9C5001A7C22 /* Board.swift in Sources */ = {isa = PBXBuildFile; fileRef = ECFE098C2A01D9C5001A7C22 /* Board.swift */; };
		ECFE098F2A01D9D8001A7C22 /* Piece.swift in Sources */ = {isa = PBXBuildFile; fileRef = ECFE098E2A01D9D8001A7C22 /* Piece.swift */; };
		ECFE09912A01D9FB001A7C22 /* Player.swift in Sources */ = {isa = PBXBuildFile; fileRef = ECFE09902A01D9FB001A7C22 /* Player.swift */; };
		ECFE09932A01DA18001A7C22 /* UserProfile.swift in Sources */ = {isa = PBXBuildFile; fileRef = ECFE09922A01DA18001A7C22 /* UserProfile.swift */; };
		ECFE09952A01DA33001A7C22 /* BoardView.swift in Sources */ = {isa = PBXBuildFile; fileRef = ECFE09942A01DA33001A7C22 /* BoardView.swift */; };
		ECFE09972A01DA3F001A7C22 /* UserProfileView.swift in Sources */ = {isa = PBXBuildFile; fileRef = ECFE09962A01DA3F001A7C22 /* UserProfileView.swift */; };
		ECFE09992A01DA4A001A7C22 /* SignInView.swift in Sources */ = {isa = PBXBuildFile; fileRef = ECFE09982A01DA4A001A7C22 /* SignInView.swift */; };
		ECFE099B2A01DA52001A7C22 /* SignUpView.swift in Sources */ = {isa = PBXBuildFile; fileRef = ECFE099A2A01DA52001A7C22 /* SignUpView.swift */; };
		ECFE099D2A01DA58001A7C22 /* GameView.swift in Sources */ = {isa = PBXBuildFile; fileRef = ECFE099C2A01DA58001A7C22 /* GameView.swift */; };
		ECFE099F2A01DA62001A7C22 /* BoardViewModel.swift in Sources */ = {isa = PBXBuildFile; fileRef = ECFE099E2A01DA62001A7C22 /* BoardViewModel.swift */; };
		ECFE09A12A01DA69001A7C22 /* UserViewModel.swift in Sources */ = {isa = PBXBuildFile; fileRef = ECFE09A02A01DA69001A7C22 /* UserViewModel.swift */; };
		ECFE09A32A01DA70001A7C22 /* GameViewModel.swift in Sources */ = {isa = PBXBuildFile; fileRef = ECFE09A22A01DA70001A7C22 /* GameViewModel.swift */; };
		ECFE09A52A01DA79001A7C22 /* GameController.swift in Sources */ = {isa = PBXBuildFile; fileRef = ECFE09A42A01DA79001A7C22 /* GameController.swift */; };
		ECFE09A72A01DA8C001A7C22 /* APIClient.swift in Sources */ = {isa = PBXBuildFile; fileRef = ECFE09A62A01DA8C001A7C22 /* APIClient.swift */; };
		ECFE09A92A01DAA0001A7C22 /* UserAPI.swift in Sources */ = {isa = PBXBuildFile; fileRef = ECFE09A82A01DAA0001A7C22 /* UserAPI.swift */; };
		ECFE09AB2A01DAA8001A7C22 /* GameAPI.swift in Sources */ = {isa = PBXBuildFile; fileRef = ECFE09AA2A01DAA8001A7C22 /* GameAPI.swift */; };
		ECFE09AD2A01DAC4001A7C22 /* CoreDataRepository.swift in Sources */ = {isa = PBXBuildFile; fileRef = ECFE09AC2A01DAC4001A7C22 /* CoreDataRepository.swift */; };
		ECFE09B02A01DAFC001A7C22 /* UserEntity+CoreDataClass.swift in Sources */ = {isa = PBXBuildFile; fileRef = ECFE09AF2A01DAFC001A7C22 /* UserEntity+CoreDataClass.swift */; };
		ECFE09B22A01DB11001A7C22 /* GameEntity+CoreDataClass.swift in Sources */ = {isa = PBXBuildFile; fileRef = ECFE09B12A01DB11001A7C22 /* GameEntity+CoreDataClass.swift */; };
		ECFE09B42A01DB33001A7C22 /* Extensions.swift in Sources */ = {isa = PBXBuildFile; fileRef = ECFE09B32A01DB33001A7C22 /* Extensions.swift */; };
		ECFE09B62A01DD35001A7C22 /* PTNHandler.swift in Sources */ = {isa = PBXBuildFile; fileRef = ECFE09B52A01DD35001A7C22 /* PTNHandler.swift */; };
/* End PBXBuildFile section */

/* Begin PBXContainerItemProxy section */
		ECFE09692A01CB0F001A7C22 /* PBXContainerItemProxy */ = {
			isa = PBXContainerItemProxy;
			containerPortal = ECFE09502A01CB0E001A7C22 /* Project object */;
			proxyType = 1;
			remoteGlobalIDString = ECFE09572A01CB0E001A7C22;
			remoteInfo = Tak;
		};
		ECFE09732A01CB0F001A7C22 /* PBXContainerItemProxy */ = {
			isa = PBXContainerItemProxy;
			containerPortal = ECFE09502A01CB0E001A7C22 /* Project object */;
			proxyType = 1;
			remoteGlobalIDString = ECFE09572A01CB0E001A7C22;
			remoteInfo = Tak;
		};
/* End PBXContainerItemProxy section */

/* Begin PBXFileReference section */
		ECFE09582A01CB0E001A7C22 /* Tak.app */ = {isa = PBXFileReference; explicitFileType = wrapper.application; includeInIndex = 0; path = Tak.app; sourceTree = BUILT_PRODUCTS_DIR; };
		ECFE095B2A01CB0E001A7C22 /* TakApp.swift */ = {isa = PBXFileReference; lastKnownFileType = sourcecode.swift; path = TakApp.swift; sourceTree = "<group>"; };
		ECFE095F2A01CB0F001A7C22 /* Assets.xcassets */ = {isa = PBXFileReference; lastKnownFileType = folder.assetcatalog; path = Assets.xcassets; sourceTree = "<group>"; };
		ECFE09622A01CB0F001A7C22 /* Preview Assets.xcassets */ = {isa = PBXFileReference; lastKnownFileType = folder.assetcatalog; path = "Preview Assets.xcassets"; sourceTree = "<group>"; };
		ECFE09682A01CB0F001A7C22 /* TakTests.xctest */ = {isa = PBXFileReference; explicitFileType = wrapper.cfbundle; includeInIndex = 0; path = TakTests.xctest; sourceTree = BUILT_PRODUCTS_DIR; };
		ECFE096C2A01CB0F001A7C22 /* TakTests.swift */ = {isa = PBXFileReference; lastKnownFileType = sourcecode.swift; path = TakTests.swift; sourceTree = "<group>"; };
		ECFE09722A01CB0F001A7C22 /* TakUITests.xctest */ = {isa = PBXFileReference; explicitFileType = wrapper.cfbundle; includeInIndex = 0; path = TakUITests.xctest; sourceTree = BUILT_PRODUCTS_DIR; };
		ECFE09762A01CB0F001A7C22 /* TakUITests.swift */ = {isa = PBXFileReference; lastKnownFileType = sourcecode.swift; path = TakUITests.swift; sourceTree = "<group>"; };
		ECFE09782A01CB0F001A7C22 /* TakUITestsLaunchTests.swift */ = {isa = PBXFileReference; lastKnownFileType = sourcecode.swift; path = TakUITestsLaunchTests.swift; sourceTree = "<group>"; };
		ECFE098C2A01D9C5001A7C22 /* Board.swift */ = {isa = PBXFileReference; lastKnownFileType = sourcecode.swift; path = Board.swift; sourceTree = "<group>"; };
		ECFE098E2A01D9D8001A7C22 /* Piece.swift */ = {isa = PBXFileReference; lastKnownFileType = sourcecode.swift; path = Piece.swift; sourceTree = "<group>"; };
		ECFE09902A01D9FB001A7C22 /* Player.swift */ = {isa = PBXFileReference; lastKnownFileType = sourcecode.swift; path = Player.swift; sourceTree = "<group>"; };
		ECFE09922A01DA18001A7C22 /* UserProfile.swift */ = {isa = PBXFileReference; lastKnownFileType = sourcecode.swift; path = UserProfile.swift; sourceTree = "<group>"; };
		ECFE09942A01DA33001A7C22 /* BoardView.swift */ = {isa = PBXFileReference; lastKnownFileType = sourcecode.swift; path = BoardView.swift; sourceTree = "<group>"; };
		ECFE09962A01DA3F001A7C22 /* UserProfileView.swift */ = {isa = PBXFileReference; lastKnownFileType = sourcecode.swift; path = UserProfileView.swift; sourceTree = "<group>"; };
		ECFE09982A01DA4A001A7C22 /* SignInView.swift */ = {isa = PBXFileReference; lastKnownFileType = sourcecode.swift; path = SignInView.swift; sourceTree = "<group>"; };
		ECFE099A2A01DA52001A7C22 /* SignUpView.swift */ = {isa = PBXFileReference; lastKnownFileType = sourcecode.swift; path = SignUpView.swift; sourceTree = "<group>"; };
		ECFE099C2A01DA58001A7C22 /* GameView.swift */ = {isa = PBXFileReference; lastKnownFileType = sourcecode.swift; path = GameView.swift; sourceTree = "<group>"; };
		ECFE099E2A01DA62001A7C22 /* BoardViewModel.swift */ = {isa = PBXFileReference; lastKnownFileType = sourcecode.swift; path = BoardViewModel.swift; sourceTree = "<group>"; };
		ECFE09A02A01DA69001A7C22 /* UserViewModel.swift */ = {isa = PBXFileReference; lastKnownFileType = sourcecode.swift; path = UserViewModel.swift; sourceTree = "<group>"; };
		ECFE09A22A01DA70001A7C22 /* GameViewModel.swift */ = {isa = PBXFileReference; lastKnownFileType = sourcecode.swift; path = GameViewModel.swift; sourceTree = "<group>"; };
		ECFE09A42A01DA79001A7C22 /* GameController.swift */ = {isa = PBXFileReference; lastKnownFileType = sourcecode.swift; path = GameController.swift; sourceTree = "<group>"; };
		ECFE09A62A01DA8C001A7C22 /* APIClient.swift */ = {isa = PBXFileReference; lastKnownFileType = sourcecode.swift; path = APIClient.swift; sourceTree = "<group>"; };
		ECFE09A82A01DAA0001A7C22 /* UserAPI.swift */ = {isa = PBXFileReference; lastKnownFileType = sourcecode.swift; path = UserAPI.swift; sourceTree = "<group>"; };
		ECFE09AA2A01DAA8001A7C22 /* GameAPI.swift */ = {isa = PBXFileReference; lastKnownFileType = sourcecode.swift; path = GameAPI.swift; sourceTree = "<group>"; };
		ECFE09AC2A01DAC4001A7C22 /* CoreDataRepository.swift */ = {isa = PBXFileReference; lastKnownFileType = sourcecode.swift; path = CoreDataRepository.swift; sourceTree = "<group>"; };
		ECFE09AF2A01DAFC001A7C22 /* UserEntity+CoreDataClass.swift */ = {isa = PBXFileReference; lastKnownFileType = sourcecode.swift; path = "UserEntity+CoreDataClass.swift"; sourceTree = "<group>"; };
		ECFE09B12A01DB11001A7C22 /* GameEntity+CoreDataClass.swift */ = {isa = PBXFileReference; lastKnownFileType = sourcecode.swift; path = "GameEntity+CoreDataClass.swift"; sourceTree = "<group>"; };
		ECFE09B32A01DB33001A7C22 /* Extensions.swift */ = {isa = PBXFileReference; lastKnownFileType = sourcecode.swift; path = Extensions.swift; sourceTree = "<group>"; };
		ECFE09B52A01DD35001A7C22 /* PTNHandler.swift */ = {isa = PBXFileReference; lastKnownFileType = sourcecode.swift; path = PTNHandler.swift; sourceTree = "<group>"; };
/* End PBXFileReference section */

/* Begin PBXFrameworksBuildPhase section */
		ECFE09552A01CB0E001A7C22 /* Frameworks */ = {
			isa = PBXFrameworksBuildPhase;
			buildActionMask = 2147483647;
			files = (
			);
			runOnlyForDeploymentPostprocessing = 0;
		};
		ECFE09652A01CB0F001A7C22 /* Frameworks */ = {
			isa = PBXFrameworksBuildPhase;
			buildActionMask = 2147483647;
			files = (
			);
			runOnlyForDeploymentPostprocessing = 0;
		};
		ECFE096F2A01CB0F001A7C22 /* Frameworks */ = {
			isa = PBXFrameworksBuildPhase;
			buildActionMask = 2147483647;
			files = (
			);
			runOnlyForDeploymentPostprocessing = 0;
		};
/* End PBXFrameworksBuildPhase section */

/* Begin PBXGroup section */
		ECFE094F2A01CB0E001A7C22 = {
			isa = PBXGroup;
			children = (
				ECFE095A2A01CB0E001A7C22 /* Tak */,
				ECFE096B2A01CB0F001A7C22 /* TakTests */,
				ECFE09752A01CB0F001A7C22 /* TakUITests */,
				ECFE09592A01CB0E001A7C22 /* Products */,
			);
			sourceTree = "<group>";
		};
		ECFE09592A01CB0E001A7C22 /* Products */ = {
			isa = PBXGroup;
			children = (
				ECFE09582A01CB0E001A7C22 /* Tak.app */,
				ECFE09682A01CB0F001A7C22 /* TakTests.xctest */,
				ECFE09722A01CB0F001A7C22 /* TakUITests.xctest */,
			);
			name = Products;
			sourceTree = "<group>";
		};
		ECFE095A2A01CB0E001A7C22 /* Tak */ = {
			isa = PBXGroup;
			children = (
				ECFE09852A01D8C9001A7C22 /* Models */,
				ECFE09862A01D920001A7C22 /* Views */,
				ECFE09872A01D92E001A7C22 /* ViewModels */,
				ECFE09882A01D942001A7C22 /* Controllers */,
				ECFE09892A01D95A001A7C22 /* Networking */,
				ECFE098A2A01D98F001A7C22 /* LocalStorage */,
				ECFE098B2A01D9A1001A7C22 /* Utils */,
				ECFE095F2A01CB0F001A7C22 /* Assets.xcassets */,
				ECFE095B2A01CB0E001A7C22 /* TakApp.swift */,
				ECFE09612A01CB0F001A7C22 /* Preview Content */,
			);
			path = Tak;
			sourceTree = "<group>";
		};
		ECFE09612A01CB0F001A7C22 /* Preview Content */ = {
			isa = PBXGroup;
			children = (
				ECFE09622A01CB0F001A7C22 /* Preview Assets.xcassets */,
			);
			path = "Preview Content";
			sourceTree = "<group>";
		};
		ECFE096B2A01CB0F001A7C22 /* TakTests */ = {
			isa = PBXGroup;
			children = (
				ECFE096C2A01CB0F001A7C22 /* TakTests.swift */,
			);
			path = TakTests;
			sourceTree = "<group>";
		};
		ECFE09752A01CB0F001A7C22 /* TakUITests */ = {
			isa = PBXGroup;
			children = (
				ECFE09762A01CB0F001A7C22 /* TakUITests.swift */,
				ECFE09782A01CB0F001A7C22 /* TakUITestsLaunchTests.swift */,
			);
			path = TakUITests;
			sourceTree = "<group>";
		};
		ECFE09852A01D8C9001A7C22 /* Models */ = {
			isa = PBXGroup;
			children = (
				ECFE098C2A01D9C5001A7C22 /* Board.swift */,
				ECFE098E2A01D9D8001A7C22 /* Piece.swift */,
				ECFE09902A01D9FB001A7C22 /* Player.swift */,
				ECFE09922A01DA18001A7C22 /* UserProfile.swift */,
			);
			path = Models;
			sourceTree = "<group>";
		};
		ECFE09862A01D920001A7C22 /* Views */ = {
			isa = PBXGroup;
			children = (
				ECFE09942A01DA33001A7C22 /* BoardView.swift */,
				ECFE09962A01DA3F001A7C22 /* UserProfileView.swift */,
				ECFE09982A01DA4A001A7C22 /* SignInView.swift */,
				ECFE099A2A01DA52001A7C22 /* SignUpView.swift */,
				ECFE099C2A01DA58001A7C22 /* GameView.swift */,
			);
			path = Views;
			sourceTree = "<group>";
		};
		ECFE09872A01D92E001A7C22 /* ViewModels */ = {
			isa = PBXGroup;
			children = (
				ECFE099E2A01DA62001A7C22 /* BoardViewModel.swift */,
				ECFE09A02A01DA69001A7C22 /* UserViewModel.swift */,
				ECFE09A22A01DA70001A7C22 /* GameViewModel.swift */,
			);
			path = ViewModels;
			sourceTree = "<group>";
		};
		ECFE09882A01D942001A7C22 /* Controllers */ = {
			isa = PBXGroup;
			children = (
				ECFE09A42A01DA79001A7C22 /* GameController.swift */,
			);
			path = Controllers;
			sourceTree = "<group>";
		};
		ECFE09892A01D95A001A7C22 /* Networking */ = {
			isa = PBXGroup;
			children = (
				ECFE09A62A01DA8C001A7C22 /* APIClient.swift */,
				ECFE09A82A01DAA0001A7C22 /* UserAPI.swift */,
				ECFE09AA2A01DAA8001A7C22 /* GameAPI.swift */,
			);
			path = Networking;
			sourceTree = "<group>";
		};
		ECFE098A2A01D98F001A7C22 /* LocalStorage */ = {
			isa = PBXGroup;
			children = (
				ECFE09AE2A01DAD7001A7C22 /* CoreDataModels */,
				ECFE09AC2A01DAC4001A7C22 /* CoreDataRepository.swift */,
			);
			path = LocalStorage;
			sourceTree = "<group>";
		};
		ECFE098B2A01D9A1001A7C22 /* Utils */ = {
			isa = PBXGroup;
			children = (
				ECFE09B32A01DB33001A7C22 /* Extensions.swift */,
				ECFE09B52A01DD35001A7C22 /* PTNHandler.swift */,
			);
			path = Utils;
			sourceTree = "<group>";
		};
		ECFE09AE2A01DAD7001A7C22 /* CoreDataModels */ = {
			isa = PBXGroup;
			children = (
				ECFE09AF2A01DAFC001A7C22 /* UserEntity+CoreDataClass.swift */,
				ECFE09B12A01DB11001A7C22 /* GameEntity+CoreDataClass.swift */,
			);
			path = CoreDataModels;
			sourceTree = "<group>";
		};
/* End PBXGroup section */

/* Begin PBXNativeTarget section */
		ECFE09572A01CB0E001A7C22 /* Tak */ = {
			isa = PBXNativeTarget;
			buildConfigurationList = ECFE097C2A01CB0F001A7C22 /* Build configuration list for PBXNativeTarget "Tak" */;
			buildPhases = (
				ECFE09542A01CB0E001A7C22 /* Sources */,
				ECFE09552A01CB0E001A7C22 /* Frameworks */,
				ECFE09562A01CB0E001A7C22 /* Resources */,
			);
			buildRules = (
			);
			dependencies = (
			);
			name = Tak;
			productName = Tak;
			productReference = ECFE09582A01CB0E001A7C22 /* Tak.app */;
			productType = "com.apple.product-type.application";
		};
		ECFE09672A01CB0F001A7C22 /* TakTests */ = {
			isa = PBXNativeTarget;
			buildConfigurationList = ECFE097F2A01CB0F001A7C22 /* Build configuration list for PBXNativeTarget "TakTests" */;
			buildPhases = (
				ECFE09642A01CB0F001A7C22 /* Sources */,
				ECFE09652A01CB0F001A7C22 /* Frameworks */,
				ECFE09662A01CB0F001A7C22 /* Resources */,
			);
			buildRules = (
			);
			dependencies = (
				ECFE096A2A01CB0F001A7C22 /* PBXTargetDependency */,
			);
			name = TakTests;
			productName = TakTests;
			productReference = ECFE09682A01CB0F001A7C22 /* TakTests.xctest */;
			productType = "com.apple.product-type.bundle.unit-test";
		};
		ECFE09712A01CB0F001A7C22 /* TakUITests */ = {
			isa = PBXNativeTarget;
			buildConfigurationList = ECFE09822A01CB0F001A7C22 /* Build configuration list for PBXNativeTarget "TakUITests" */;
			buildPhases = (
				ECFE096E2A01CB0F001A7C22 /* Sources */,
				ECFE096F2A01CB0F001A7C22 /* Frameworks */,
				ECFE09702A01CB0F001A7C22 /* Resources */,
			);
			buildRules = (
			);
			dependencies = (
				ECFE09742A01CB0F001A7C22 /* PBXTargetDependency */,
			);
			name = TakUITests;
			productName = TakUITests;
			productReference = ECFE09722A01CB0F001A7C22 /* TakUITests.xctest */;
			productType = "com.apple.product-type.bundle.ui-testing";
		};
/* End PBXNativeTarget section */

/* Begin PBXProject section */
		ECFE09502A01CB0E001A7C22 /* Project object */ = {
			isa = PBXProject;
			attributes = {
				BuildIndependentTargetsInParallel = 1;
				LastSwiftUpdateCheck = 1430;
				LastUpgradeCheck = 1430;
				TargetAttributes = {
					ECFE09572A01CB0E001A7C22 = {
						CreatedOnToolsVersion = 14.3;
					};
					ECFE09672A01CB0F001A7C22 = {
						CreatedOnToolsVersion = 14.3;
						TestTargetID = ECFE09572A01CB0E001A7C22;
					};
					ECFE09712A01CB0F001A7C22 = {
						CreatedOnToolsVersion = 14.3;
						TestTargetID = ECFE09572A01CB0E001A7C22;
					};
				};
			};
			buildConfigurationList = ECFE09532A01CB0E001A7C22 /* Build configuration list for PBXProject "Tak" */;
			compatibilityVersion = "Xcode 14.0";
			developmentRegion = en;
			hasScannedForEncodings = 0;
			knownRegions = (
				en,
				Base,
			);
			mainGroup = ECFE094F2A01CB0E001A7C22;
			productRefGroup = ECFE09592A01CB0E001A7C22 /* Products */;
			projectDirPath = "";
			projectRoot = "";
			targets = (
				ECFE09572A01CB0E001A7C22 /* Tak */,
				ECFE09672A01CB0F001A7C22 /* TakTests */,
				ECFE09712A01CB0F001A7C22 /* TakUITests */,
			);
		};
/* End PBXProject section */

/* Begin PBXResourcesBuildPhase section */
		ECFE09562A01CB0E001A7C22 /* Resources */ = {
			isa = PBXResourcesBuildPhase;
			buildActionMask = 2147483647;
			files = (
				ECFE09632A01CB0F001A7C22 /* Preview Assets.xcassets in Resources */,
				ECFE09602A01CB0F001A7C22 /* Assets.xcassets in Resources */,
			);
			runOnlyForDeploymentPostprocessing = 0;
		};
		ECFE09662A01CB0F001A7C22 /* Resources */ = {
			isa = PBXResourcesBuildPhase;
			buildActionMask = 2147483647;
			files = (
			);
			runOnlyForDeploymentPostprocessing = 0;
		};
		ECFE09702A01CB0F001A7C22 /* Resources */ = {
			isa = PBXResourcesBuildPhase;
			buildActionMask = 2147483647;
			files = (
			);
			runOnlyForDeploymentPostprocessing = 0;
		};
/* End PBXResourcesBuildPhase section */

/* Begin PBXSourcesBuildPhase section */
		ECFE09542A01CB0E001A7C22 /* Sources */ = {
			isa = PBXSourcesBuildPhase;
			buildActionMask = 2147483647;
			files = (
				ECFE09972A01DA3F001A7C22 /* UserProfileView.swift in Sources */,
				ECFE09A92A01DAA0001A7C22 /* UserAPI.swift in Sources */,
				ECFE09A12A01DA69001A7C22 /* UserViewModel.swift in Sources */,
				ECFE09B62A01DD35001A7C22 /* PTNHandler.swift in Sources */,
				ECFE09AB2A01DAA8001A7C22 /* GameAPI.swift in Sources */,
				ECFE09912A01D9FB001A7C22 /* Player.swift in Sources */,
				ECFE098D2A01D9C5001A7C22 /* Board.swift in Sources */,
				ECFE09B02A01DAFC001A7C22 /* UserEntity+CoreDataClass.swift in Sources */,
				ECFE09932A01DA18001A7C22 /* UserProfile.swift in Sources */,
				ECFE099D2A01DA58001A7C22 /* GameView.swift in Sources */,
				ECFE09A32A01DA70001A7C22 /* GameViewModel.swift in Sources */,
				ECFE09952A01DA33001A7C22 /* BoardView.swift in Sources */,
				ECFE09AD2A01DAC4001A7C22 /* CoreDataRepository.swift in Sources */,
				ECFE09A72A01DA8C001A7C22 /* APIClient.swift in Sources */,
				ECFE09B42A01DB33001A7C22 /* Extensions.swift in Sources */,
				ECFE095C2A01CB0E001A7C22 /* TakApp.swift in Sources */,
				ECFE09992A01DA4A001A7C22 /* SignInView.swift in Sources */,
				ECFE099F2A01DA62001A7C22 /* BoardViewModel.swift in Sources */,
				ECFE09B22A01DB11001A7C22 /* GameEntity+CoreDataClass.swift in Sources */,
				ECFE099B2A01DA52001A7C22 /* SignUpView.swift in Sources */,
				ECFE098F2A01D9D8001A7C22 /* Piece.swift in Sources */,
				ECFE09A52A01DA79001A7C22 /* GameController.swift in Sources */,
			);
			runOnlyForDeploymentPostprocessing = 0;
		};
		ECFE09642A01CB0F001A7C22 /* Sources */ = {
			isa = PBXSourcesBuildPhase;
			buildActionMask = 2147483647;
			files = (
				ECFE096D2A01CB0F001A7C22 /* TakTests.swift in Sources */,
			);
			runOnlyForDeploymentPostprocessing = 0;
		};
		ECFE096E2A01CB0F001A7C22 /* Sources */ = {
			isa = PBXSourcesBuildPhase;
			buildActionMask = 2147483647;
			files = (
				ECFE09772A01CB0F001A7C22 /* TakUITests.swift in Sources */,
				ECFE09792A01CB0F001A7C22 /* TakUITestsLaunchTests.swift in Sources */,
			);
			runOnlyForDeploymentPostprocessing = 0;
		};
/* End PBXSourcesBuildPhase section */

/* Begin PBXTargetDependency section */
		ECFE096A2A01CB0F001A7C22 /* PBXTargetDependency */ = {
			isa = PBXTargetDependency;
			target = ECFE09572A01CB0E001A7C22 /* Tak */;
			targetProxy = ECFE09692A01CB0F001A7C22 /* PBXContainerItemProxy */;
		};
		ECFE09742A01CB0F001A7C22 /* PBXTargetDependency */ = {
			isa = PBXTargetDependency;
			target = ECFE09572A01CB0E001A7C22 /* Tak */;
			targetProxy = ECFE09732A01CB0F001A7C22 /* PBXContainerItemProxy */;
		};
/* End PBXTargetDependency section */

/* Begin XCBuildConfiguration section */
		ECFE097A2A01CB0F001A7C22 /* Debug */ = {
			isa = XCBuildConfiguration;
			buildSettings = {
				ALWAYS_SEARCH_USER_PATHS = NO;
				CLANG_ANALYZER_NONNULL = YES;
				CLANG_ANALYZER_NUMBER_OBJECT_CONVERSION = YES_AGGRESSIVE;
				CLANG_CXX_LANGUAGE_STANDARD = "gnu++20";
				CLANG_ENABLE_MODULES = YES;
				CLANG_ENABLE_OBJC_ARC = YES;
				CLANG_ENABLE_OBJC_WEAK = YES;
				CLANG_WARN_BLOCK_CAPTURE_AUTORELEASING = YES;
				CLANG_WARN_BOOL_CONVERSION = YES;
				CLANG_WARN_COMMA = YES;
				CLANG_WARN_CONSTANT_CONVERSION = YES;
				CLANG_WARN_DEPRECATED_OBJC_IMPLEMENTATIONS = YES;
				CLANG_WARN_DIRECT_OBJC_ISA_USAGE = YES_ERROR;
				CLANG_WARN_DOCUMENTATION_COMMENTS = YES;
				CLANG_WARN_EMPTY_BODY = YES;
				CLANG_WARN_ENUM_CONVERSION = YES;
				CLANG_WARN_INFINITE_RECURSION = YES;
				CLANG_WARN_INT_CONVERSION = YES;
				CLANG_WARN_NON_LITERAL_NULL_CONVERSION = YES;
				CLANG_WARN_OBJC_IMPLICIT_RETAIN_SELF = YES;
				CLANG_WARN_OBJC_LITERAL_CONVERSION = YES;
				CLANG_WARN_OBJC_ROOT_CLASS = YES_ERROR;
				CLANG_WARN_QUOTED_INCLUDE_IN_FRAMEWORK_HEADER = YES;
				CLANG_WARN_RANGE_LOOP_ANALYSIS = YES;
				CLANG_WARN_STRICT_PROTOTYPES = YES;
				CLANG_WARN_SUSPICIOUS_MOVE = YES;
				CLANG_WARN_UNGUARDED_AVAILABILITY = YES_AGGRESSIVE;
				CLANG_WARN_UNREACHABLE_CODE = YES;
				CLANG_WARN__DUPLICATE_METHOD_MATCH = YES;
				COPY_PHASE_STRIP = NO;
				DEBUG_INFORMATION_FORMAT = dwarf;
				ENABLE_STRICT_OBJC_MSGSEND = YES;
				ENABLE_TESTABILITY = YES;
				GCC_C_LANGUAGE_STANDARD = gnu11;
				GCC_DYNAMIC_NO_PIC = NO;
				GCC_NO_COMMON_BLOCKS = YES;
				GCC_OPTIMIZATION_LEVEL = 0;
				GCC_PREPROCESSOR_DEFINITIONS = (
					"DEBUG=1",
					"$(inherited)",
				);
				GCC_WARN_64_TO_32_BIT_CONVERSION = YES;
				GCC_WARN_ABOUT_RETURN_TYPE = YES_ERROR;
				GCC_WARN_UNDECLARED_SELECTOR = YES;
				GCC_WARN_UNINITIALIZED_AUTOS = YES_AGGRESSIVE;
				GCC_WARN_UNUSED_FUNCTION = YES;
				GCC_WARN_UNUSED_VARIABLE = YES;
				IPHONEOS_DEPLOYMENT_TARGET = 16.4;
				MTL_ENABLE_DEBUG_INFO = INCLUDE_SOURCE;
				MTL_FAST_MATH = YES;
				ONLY_ACTIVE_ARCH = YES;
				SDKROOT = iphoneos;
				SWIFT_ACTIVE_COMPILATION_CONDITIONS = DEBUG;
				SWIFT_OPTIMIZATION_LEVEL = "-Onone";
			};
			name = Debug;
		};
		ECFE097B2A01CB0F001A7C22 /* Release */ = {
			isa = XCBuildConfiguration;
			buildSettings = {
				ALWAYS_SEARCH_USER_PATHS = NO;
				CLANG_ANALYZER_NONNULL = YES;
				CLANG_ANALYZER_NUMBER_OBJECT_CONVERSION = YES_AGGRESSIVE;
				CLANG_CXX_LANGUAGE_STANDARD = "gnu++20";
				CLANG_ENABLE_MODULES = YES;
				CLANG_ENABLE_OBJC_ARC = YES;
				CLANG_ENABLE_OBJC_WEAK = YES;
				CLANG_WARN_BLOCK_CAPTURE_AUTORELEASING = YES;
				CLANG_WARN_BOOL_CONVERSION = YES;
				CLANG_WARN_COMMA = YES;
				CLANG_WARN_CONSTANT_CONVERSION = YES;
				CLANG_WARN_DEPRECATED_OBJC_IMPLEMENTATIONS = YES;
				CLANG_WARN_DIRECT_OBJC_ISA_USAGE = YES_ERROR;
				CLANG_WARN_DOCUMENTATION_COMMENTS = YES;
				CLANG_WARN_EMPTY_BODY = YES;
				CLANG_WARN_ENUM_CONVERSION = YES;
				CLANG_WARN_INFINITE_RECURSION = YES;
				CLANG_WARN_INT_CONVERSION = YES;
				CLANG_WARN_NON_LITERAL_NULL_CONVERSION = YES;
				CLANG_WARN_OBJC_IMPLICIT_RETAIN_SELF = YES;
				CLANG_WARN_OBJC_LITERAL_CONVERSION = YES;
				CLANG_WARN_OBJC_ROOT_CLASS = YES_ERROR;
				CLANG_WARN_QUOTED_INCLUDE_IN_FRAMEWORK_HEADER = YES;
				CLANG_WARN_RANGE_LOOP_ANALYSIS = YES;
				CLANG_WARN_STRICT_PROTOTYPES = YES;
				CLANG_WARN_SUSPICIOUS_MOVE = YES;
				CLANG_WARN_UNGUARDED_AVAILABILITY = YES_AGGRESSIVE;
				CLANG_WARN_UNREACHABLE_CODE = YES;
				CLANG_WARN__DUPLICATE_METHOD_MATCH = YES;
				COPY_PHASE_STRIP = NO;
				DEBUG_INFORMATION_FORMAT = "dwarf-with-dsym";
				ENABLE_NS_ASSERTIONS = NO;
				ENABLE_STRICT_OBJC_MSGSEND = YES;
				GCC_C_LANGUAGE_STANDARD = gnu11;
				GCC_NO_COMMON_BLOCKS = YES;
				GCC_WARN_64_TO_32_BIT_CONVERSION = YES;
				GCC_WARN_ABOUT_RETURN_TYPE = YES_ERROR;
				GCC_WARN_UNDECLARED_SELECTOR = YES;
				GCC_WARN_UNINITIALIZED_AUTOS = YES_AGGRESSIVE;
				GCC_WARN_UNUSED_FUNCTION = YES;
				GCC_WARN_UNUSED_VARIABLE = YES;
				IPHONEOS_DEPLOYMENT_TARGET = 16.4;
				MTL_ENABLE_DEBUG_INFO = NO;
				MTL_FAST_MATH = YES;
				SDKROOT = iphoneos;
				SWIFT_COMPILATION_MODE = wholemodule;
				SWIFT_OPTIMIZATION_LEVEL = "-O";
				VALIDATE_PRODUCT = YES;
			};
			name = Release;
		};
		ECFE097D2A01CB0F001A7C22 /* Debug */ = {
			isa = XCBuildConfiguration;
			buildSettings = {
				ASSETCATALOG_COMPILER_APPICON_NAME = AppIcon;
				ASSETCATALOG_COMPILER_GLOBAL_ACCENT_COLOR_NAME = AccentColor;
				CODE_SIGN_STYLE = Automatic;
				CURRENT_PROJECT_VERSION = 1;
				DEVELOPMENT_ASSET_PATHS = "\"Tak/Preview Content\"";
				DEVELOPMENT_TEAM = ZT7SUBW8AT;
				ENABLE_PREVIEWS = YES;
				GENERATE_INFOPLIST_FILE = YES;
				INFOPLIST_KEY_UIApplicationSceneManifest_Generation = YES;
				INFOPLIST_KEY_UIApplicationSupportsIndirectInputEvents = YES;
				INFOPLIST_KEY_UILaunchScreen_Generation = YES;
				INFOPLIST_KEY_UISupportedInterfaceOrientations_iPad = "UIInterfaceOrientationPortrait UIInterfaceOrientationPortraitUpsideDown UIInterfaceOrientationLandscapeLeft UIInterfaceOrientationLandscapeRight";
				INFOPLIST_KEY_UISupportedInterfaceOrientations_iPhone = "UIInterfaceOrientationPortrait UIInterfaceOrientationLandscapeLeft UIInterfaceOrientationLandscapeRight";
				LD_RUNPATH_SEARCH_PATHS = (
					"$(inherited)",
					"@executable_path/Frameworks",
				);
				MARKETING_VERSION = 1.0;
				PRODUCT_BUNDLE_IDENTIFIER = PeetDanson.Tak;
				PRODUCT_NAME = "$(TARGET_NAME)";
				SWIFT_EMIT_LOC_STRINGS = YES;
				SWIFT_VERSION = 5.0;
				TARGETED_DEVICE_FAMILY = "1,2";
			};
			name = Debug;
		};
		ECFE097E2A01CB0F001A7C22 /* Release */ = {
			isa = XCBuildConfiguration;
			buildSettings = {
				ASSETCATALOG_COMPILER_APPICON_NAME = AppIcon;
				ASSETCATALOG_COMPILER_GLOBAL_ACCENT_COLOR_NAME = AccentColor;
				CODE_SIGN_STYLE = Automatic;
				CURRENT_PROJECT_VERSION = 1;
				DEVELOPMENT_ASSET_PATHS = "\"Tak/Preview Content\"";
				DEVELOPMENT_TEAM = ZT7SUBW8AT;
				ENABLE_PREVIEWS = YES;
				GENERATE_INFOPLIST_FILE = YES;
				INFOPLIST_KEY_UIApplicationSceneManifest_Generation = YES;
				INFOPLIST_KEY_UIApplicationSupportsIndirectInputEvents = YES;
				INFOPLIST_KEY_UILaunchScreen_Generation = YES;
				INFOPLIST_KEY_UISupportedInterfaceOrientations_iPad = "UIInterfaceOrientationPortrait UIInterfaceOrientationPortraitUpsideDown UIInterfaceOrientationLandscapeLeft UIInterfaceOrientationLandscapeRight";
				INFOPLIST_KEY_UISupportedInterfaceOrientations_iPhone = "UIInterfaceOrientationPortrait UIInterfaceOrientationLandscapeLeft UIInterfaceOrientationLandscapeRight";
				LD_RUNPATH_SEARCH_PATHS = (
					"$(inherited)",
					"@executable_path/Frameworks",
				);
				MARKETING_VERSION = 1.0;
				PRODUCT_BUNDLE_IDENTIFIER = PeetDanson.Tak;
				PRODUCT_NAME = "$(TARGET_NAME)";
				SWIFT_EMIT_LOC_STRINGS = YES;
				SWIFT_VERSION = 5.0;
				TARGETED_DEVICE_FAMILY = "1,2";
			};
			name = Release;
		};
		ECFE09802A01CB0F001A7C22 /* Debug */ = {
			isa = XCBuildConfiguration;
			buildSettings = {
				ALWAYS_EMBED_SWIFT_STANDARD_LIBRARIES = YES;
				BUNDLE_LOADER = "$(TEST_HOST)";
				CODE_SIGN_STYLE = Automatic;
				CURRENT_PROJECT_VERSION = 1;
				DEVELOPMENT_TEAM = ZT7SUBW8AT;
				GENERATE_INFOPLIST_FILE = YES;
				IPHONEOS_DEPLOYMENT_TARGET = 16.4;
				MARKETING_VERSION = 1.0;
				PRODUCT_BUNDLE_IDENTIFIER = PeetDanson.TakTests;
				PRODUCT_NAME = "$(TARGET_NAME)";
				SWIFT_EMIT_LOC_STRINGS = NO;
				SWIFT_VERSION = 5.0;
				TARGETED_DEVICE_FAMILY = "1,2";
				TEST_HOST = "$(BUILT_PRODUCTS_DIR)/Tak.app/$(BUNDLE_EXECUTABLE_FOLDER_PATH)/Tak";
			};
			name = Debug;
		};
		ECFE09812A01CB0F001A7C22 /* Release */ = {
			isa = XCBuildConfiguration;
			buildSettings = {
				ALWAYS_EMBED_SWIFT_STANDARD_LIBRARIES = YES;
				BUNDLE_LOADER = "$(TEST_HOST)";
				CODE_SIGN_STYLE = Automatic;
				CURRENT_PROJECT_VERSION = 1;
				DEVELOPMENT_TEAM = ZT7SUBW8AT;
				GENERATE_INFOPLIST_FILE = YES;
				IPHONEOS_DEPLOYMENT_TARGET = 16.4;
				MARKETING_VERSION = 1.0;
				PRODUCT_BUNDLE_IDENTIFIER = PeetDanson.TakTests;
				PRODUCT_NAME = "$(TARGET_NAME)";
				SWIFT_EMIT_LOC_STRINGS = NO;
				SWIFT_VERSION = 5.0;
				TARGETED_DEVICE_FAMILY = "1,2";
				TEST_HOST = "$(BUILT_PRODUCTS_DIR)/Tak.app/$(BUNDLE_EXECUTABLE_FOLDER_PATH)/Tak";
			};
			name = Release;
		};
		ECFE09832A01CB0F001A7C22 /* Debug */ = {
			isa = XCBuildConfiguration;
			buildSettings = {
				ALWAYS_EMBED_SWIFT_STANDARD_LIBRARIES = YES;
				CODE_SIGN_STYLE = Automatic;
				CURRENT_PROJECT_VERSION = 1;
				DEVELOPMENT_TEAM = ZT7SUBW8AT;
				GENERATE_INFOPLIST_FILE = YES;
				MARKETING_VERSION = 1.0;
				PRODUCT_BUNDLE_IDENTIFIER = PeetDanson.TakUITests;
				PRODUCT_NAME = "$(TARGET_NAME)";
				SWIFT_EMIT_LOC_STRINGS = NO;
				SWIFT_VERSION = 5.0;
				TARGETED_DEVICE_FAMILY = "1,2";
				TEST_TARGET_NAME = Tak;
			};
			name = Debug;
		};
		ECFE09842A01CB0F001A7C22 /* Release */ = {
			isa = XCBuildConfiguration;
			buildSettings = {
				ALWAYS_EMBED_SWIFT_STANDARD_LIBRARIES = YES;
				CODE_SIGN_STYLE = Automatic;
				CURRENT_PROJECT_VERSION = 1;
				DEVELOPMENT_TEAM = ZT7SUBW8AT;
				GENERATE_INFOPLIST_FILE = YES;
				MARKETING_VERSION = 1.0;
				PRODUCT_BUNDLE_IDENTIFIER = PeetDanson.TakUITests;
				PRODUCT_NAME = "$(TARGET_NAME)";
				SWIFT_EMIT_LOC_STRINGS = NO;
				SWIFT_VERSION = 5.0;
				TARGETED_DEVICE_FAMILY = "1,2";
				TEST_TARGET_NAME = Tak;
			};
			name = Release;
		};
/* End XCBuildConfiguration section */

/* Begin XCConfigurationList section */
		ECFE09532A01CB0E001A7C22 /* Build configuration list for PBXProject "Tak" */ = {
			isa = XCConfigurationList;
			buildConfigurations = (
				ECFE097A2A01CB0F001A7C22 /* Debug */,
				ECFE097B2A01CB0F001A7C22 /* Release */,
			);
			defaultConfigurationIsVisible = 0;
			defaultConfigurationName = Release;
		};
		ECFE097C2A01CB0F001A7C22 /* Build configuration list for PBXNativeTarget "Tak" */ = {
			isa = XCConfigurationList;
			buildConfigurations = (
				ECFE097D2A01CB0F001A7C22 /* Debug */,
				ECFE097E2A01CB0F001A7C22 /* Release */,
			);
			defaultConfigurationIsVisible = 0;
			defaultConfigurationName = Release;
		};
		ECFE097F2A01CB0F001A7C22 /* Build configuration list for PBXNativeTarget "TakTests" */ = {
			isa = XCConfigurationList;
			buildConfigurations = (
				ECFE09802A01CB0F001A7C22 /* Debug */,
				ECFE09812A01CB0F001A7C22 /* Release */,
			);
			defaultConfigurationIsVisible = 0;
			defaultConfigurationName = Release;
		};
		ECFE09822A01CB0F001A7C22 /* Build configuration list for PBXNativeTarget "TakUITests" */ = {
			isa = XCConfigurationList;
			buildConfigurations = (
				ECFE09832A01CB0F001A7C22 /* Debug */,
				ECFE09842A01CB0F001A7C22 /* Release */,
			);
			defaultConfigurationIsVisible = 0;
			defaultConfigurationName = Release;
		};
/* End XCConfigurationList section */
	};
	rootObject = ECFE09502A01CB0E001A7C22 /* Project object */;
}
