// !$*UTF8*$!
{
	archiveVersion = 1;
	classes = {
	};
	objectVersion = 56;
	objects = {

/* Begin PBXBuildFile section */
		ECFE095C2A01CB0E001A7C22 /* TakApp.swift in Sources */ = {isa = PBXBuildFile; fileRef = ECFE095B2A01CB0E001A7C22 /* TakApp.swift */; };
		ECFE095E2A01CB0E001A7C22 /* ContentView.swift in Sources */ = {isa = PBXBuildFile; fileRef = ECFE095D2A01CB0E001A7C22 /* ContentView.swift */; };
		ECFE09602A01CB0F001A7C22 /* Assets.xcassets in Resources */ = {isa = PBXBuildFile; fileRef = ECFE095F2A01CB0F001A7C22 /* Assets.xcassets */; };
		ECFE09632A01CB0F001A7C22 /* Preview Assets.xcassets in Resources */ = {isa = PBXBuildFile; fileRef = ECFE09622A01CB0F001A7C22 /* Preview Assets.xcassets */; };
		ECFE096D2A01CB0F001A7C22 /* TakTests.swift in Sources */ = {isa = PBXBuildFile; fileRef = ECFE096C2A01CB0F001A7C22 /* TakTests.swift */; };
		ECFE09772A01CB0F001A7C22 /* TakUITests.swift in Sources */ = {isa = PBXBuildFile; fileRef = ECFE09762A01CB0F001A7C22 /* TakUITests.swift */; };
		ECFE09792A01CB0F001A7C22 /* TakUITestsLaunchTests.swift in Sources */ = {isa = PBXBuildFile; fileRef = ECFE09782A01CB0F001A7C22 /* TakUITestsLaunchTests.swift */; };
/* End PBXBuildFile section */

/* Begin PBXContainerItemProxy section */
		ECFE09692A01CB0F001A7C22 /* PBXContainerItemProxy */ = {
			isa = PBXContainerItemProxy;
			containerPortal = ECFE09502A01CB0E001A7C22 /* Project object */;
			proxyType = 1;
			remoteGlobalIDString = ECFE09572A01CB0E001A7C22;
			remoteInfo = Tak;
		};
		ECFE09732A01CB0F001A7C22 /* PBXContainerItemProxy */ = {
			isa = PBXContainerItemProxy;
			containerPortal = ECFE09502A01CB0E001A7C22 /* Project object */;
			proxyType = 1;
			remoteGlobalIDString = ECFE09572A01CB0E001A7C22;
			remoteInfo = Tak;
		};
/* End PBXContainerItemProxy section */

/* Begin PBXFileReference section */
		ECFE09582A01CB0E001A7C22 /* Tak.app */ = {isa = PBXFileReference; explicitFileType = wrapper.application; includeInIndex = 0; path = Tak.app; sourceTree = BUILT_PRODUCTS_DIR; };
		ECFE095B2A01CB0E001A7C22 /* TakApp.swift */ = {isa = PBXFileReference; lastKnownFileType = sourcecode.swift; path = TakApp.swift; sourceTree = "<group>"; };
		ECFE095D2A01CB0E001A7C22 /* ContentView.swift */ = {isa = PBXFileReference; lastKnownFileType = sourcecode.swift; path = ContentView.swift; sourceTree = "<group>"; };
		ECFE095F2A01CB0F001A7C22 /* Assets.xcassets */ = {isa = PBXFileReference; lastKnownFileType = folder.assetcatalog; path = Assets.xcassets; sourceTree = "<group>"; };
		ECFE09622A01CB0F001A7C22 /* Preview Assets.xcassets */ = {isa = PBXFileReference; lastKnownFileType = folder.assetcatalog; path = "Preview Assets.xcassets"; sourceTree = "<group>"; };
		ECFE09682A01CB0F001A7C22 /* TakTests.xctest */ = {isa = PBXFileReference; explicitFileType = wrapper.cfbundle; includeInIndex = 0; path = TakTests.xctest; sourceTree = BUILT_PRODUCTS_DIR; };
		ECFE096C2A01CB0F001A7C22 /* TakTests.swift */ = {isa = PBXFileReference; lastKnownFileType = sourcecode.swift; path = TakTests.swift; sourceTree = "<group>"; };
		ECFE09722A01CB0F001A7C22 /* TakUITests.xctest */ = {isa = PBXFileReference; explicitFileType = wrapper.cfbundle; includeInIndex = 0; path = TakUITests.xctest; sourceTree = BUILT_PRODUCTS_DIR; };
		ECFE09762A01CB0F001A7C22 /* TakUITests.swift */ = {isa = PBXFileReference; lastKnownFileType = sourcecode.swift; path = TakUITests.swift; sourceTree = "<group>"; };
		ECFE09782A01CB0F001A7C22 /* TakUITestsLaunchTests.swift */ = {isa = PBXFileReference; lastKnownFileType = sourcecode.swift; path = TakUITestsLaunchTests.swift; sourceTree = "<group>"; };
/* End PBXFileReference section */

/* Begin PBXFrameworksBuildPhase section */
		ECFE09552A01CB0E001A7C22 /* Frameworks */ = {
			isa = PBXFrameworksBuildPhase;
			buildActionMask = 2147483647;
			files = (
			);
			runOnlyForDeploymentPostprocessing = 0;
		};
		ECFE09652A01CB0F001A7C22 /* Frameworks */ = {
			isa = PBXFrameworksBuildPhase;
			buildActionMask = 2147483647;
			files = (
			);
			runOnlyForDeploymentPostprocessing = 0;
		};
		ECFE096F2A01CB0F001A7C22 /* Frameworks */ = {
			isa = PBXFrameworksBuildPhase;
			buildActionMask = 2147483647;
			files = (
			);
			runOnlyForDeploymentPostprocessing = 0;
		};
/* End PBXFrameworksBuildPhase section */

/* Begin PBXGroup section */
		ECFE094F2A01CB0E001A7C22 = {
			isa = PBXGroup;
			children = (
				ECFE095A2A01CB0E001A7C22 /* Tak */,
				ECFE096B2A01CB0F001A7C22 /* TakTests */,
				ECFE09752A01CB0F001A7C22 /* TakUITests */,
				ECFE09592A01CB0E001A7C22 /* Products */,
			);
			sourceTree = "<group>";
		};
		ECFE09592A01CB0E001A7C22 /* Products */ = {
			isa = PBXGroup;
			children = (
				ECFE09582A01CB0E001A7C22 /* Tak.app */,
				ECFE09682A01CB0F001A7C22 /* TakTests.xctest */,
				ECFE09722A01CB0F001A7C22 /* TakUITests.xctest */,
			);
			name = Products;
			sourceTree = "<group>";
		};
		ECFE095A2A01CB0E001A7C22 /* Tak */ = {
			isa = PBXGroup;
			children = (
				ECFE095B2A01CB0E001A7C22 /* TakApp.swift */,
				ECFE095D2A01CB0E001A7C22 /* ContentView.swift */,
				ECFE095F2A01CB0F001A7C22 /* Assets.xcassets */,
				ECFE09612A01CB0F001A7C22 /* Preview Content */,
			);
			path = Tak;
			sourceTree = "<group>";
		};
		ECFE09612A01CB0F001A7C22 /* Preview Content */ = {
			isa = PBXGroup;
			children = (
				ECFE09622A01CB0F001A7C22 /* Preview Assets.xcassets */,
			);
			path = "Preview Content";
			sourceTree = "<group>";
		};
		ECFE096B2A01CB0F001A7C22 /* TakTests */ = {
			isa = PBXGroup;
			children = (
				ECFE096C2A01CB0F001A7C22 /* TakTests.swift */,
			);
			path = TakTests;
			sourceTree = "<group>";
		};
		ECFE09752A01CB0F001A7C22 /* TakUITests */ = {
			isa = PBXGroup;
			children = (
				ECFE09762A01CB0F001A7C22 /* TakUITests.swift */,
				ECFE09782A01CB0F001A7C22 /* TakUITestsLaunchTests.swift */,
			);
			path = TakUITests;
			sourceTree = "<group>";
		};
/* End PBXGroup section */

/* Begin PBXNativeTarget section */
		ECFE09572A01CB0E001A7C22 /* Tak */ = {
			isa = PBXNativeTarget;
			buildConfigurationList = ECFE097C2A01CB0F001A7C22 /* Build configuration list for PBXNativeTarget "Tak" */;
			buildPhases = (
				ECFE09542A01CB0E001A7C22 /* Sources */,
				ECFE09552A01CB0E001A7C22 /* Frameworks */,
				ECFE09562A01CB0E001A7C22 /* Resources */,
			);
			buildRules = (
			);
			dependencies = (
			);
			name = Tak;
			productName = Tak;
			productReference = ECFE09582A01CB0E001A7C22 /* Tak.app */;
			productType = "com.apple.product-type.application";
		};
		ECFE09672A01CB0F001A7C22 /* TakTests */ = {
			isa = PBXNativeTarget;
			buildConfigurationList = ECFE097F2A01CB0F001A7C22 /* Build configuration list for PBXNativeTarget "TakTests" */;
			buildPhases = (
				ECFE09642A01CB0F001A7C22 /* Sources */,
				ECFE09652A01CB0F001A7C22 /* Frameworks */,
				ECFE09662A01CB0F001A7C22 /* Resources */,
			);
			buildRules = (
			);
			dependencies = (
				ECFE096A2A01CB0F001A7C22 /* PBXTargetDependency */,
			);
			name = TakTests;
			productName = TakTests;
			productReference = ECFE09682A01CB0F001A7C22 /* TakTests.xctest */;
			productType = "com.apple.product-type.bundle.unit-test";
		};
		ECFE09712A01CB0F001A7C22 /* TakUITests */ = {
			isa = PBXNativeTarget;
			buildConfigurationList = ECFE09822A01CB0F001A7C22 /* Build configuration list for PBXNativeTarget "TakUITests" */;
			buildPhases = (
				ECFE096E2A01CB0F001A7C22 /* Sources */,
				ECFE096F2A01CB0F001A7C22 /* Frameworks */,
				ECFE09702A01CB0F001A7C22 /* Resources */,
			);
			buildRules = (
			);
			dependencies = (
				ECFE09742A01CB0F001A7C22 /* PBXTargetDependency */,
			);
			name = TakUITests;
			productName = TakUITests;
			productReference = ECFE09722A01CB0F001A7C22 /* TakUITests.xctest */;
			productType = "com.apple.product-type.bundle.ui-testing";
		};
/* End PBXNativeTarget section */

/* Begin PBXProject section */
		ECFE09502A01CB0E001A7C22 /* Project object */ = {
			isa = PBXProject;
			attributes = {
				BuildIndependentTargetsInParallel = 1;
				LastSwiftUpdateCheck = 1430;
				LastUpgradeCheck = 1430;
				TargetAttributes = {
					ECFE09572A01CB0E001A7C22 = {
						CreatedOnToolsVersion = 14.3;
					};
					ECFE09672A01CB0F001A7C22 = {
						CreatedOnToolsVersion = 14.3;
						TestTargetID = ECFE09572A01CB0E001A7C22;
					};
					ECFE09712A01CB0F001A7C22 = {
						CreatedOnToolsVersion = 14.3;
						TestTargetID = ECFE09572A01CB0E001A7C22;
					};
				};
			};
			buildConfigurationList = ECFE09532A01CB0E001A7C22 /* Build configuration list for PBXProject "Tak" */;
			compatibilityVersion = "Xcode 14.0";
			developmentRegion = en;
			hasScannedForEncodings = 0;
			knownRegions = (
				en,
				Base,
			);
			mainGroup = ECFE094F2A01CB0E001A7C22;
			productRefGroup = ECFE09592A01CB0E001A7C22 /* Products */;
			projectDirPath = "";
			projectRoot = "";
			targets = (
				ECFE09572A01CB0E001A7C22 /* Tak */,
				ECFE09672A01CB0F001A7C22 /* TakTests */,
				ECFE09712A01CB0F001A7C22 /* TakUITests */,
			);
		};
/* End PBXProject section */

/* Begin PBXResourcesBuildPhase section */
		ECFE09562A01CB0E001A7C22 /* Resources */ = {
			isa = PBXResourcesBuildPhase;
			buildActionMask = 2147483647;
			files = (
				ECFE09632A01CB0F001A7C22 /* Preview Assets.xcassets in Resources */,
				ECFE09602A01CB0F001A7C22 /* Assets.xcassets in Resources */,
			);
			runOnlyForDeploymentPostprocessing = 0;
		};
		ECFE09662A01CB0F001A7C22 /* Resources */ = {
			isa = PBXResourcesBuildPhase;
			buildActionMask = 2147483647;
			files = (
			);
			runOnlyForDeploymentPostprocessing = 0;
		};
		ECFE09702A01CB0F001A7C22 /* Resources */ = {
			isa = PBXResourcesBuildPhase;
			buildActionMask = 2147483647;
			files = (
			);
			runOnlyForDeploymentPostprocessing = 0;
		};
/* End PBXResourcesBuildPhase section */

/* Begin PBXSourcesBuildPhase section */
		ECFE09542A01CB0E001A7C22 /* Sources */ = {
			isa = PBXSourcesBuildPhase;
			buildActionMask = 2147483647;
			files = (
				ECFE095E2A01CB0E001A7C22 /* ContentView.swift in Sources */,
				ECFE095C2A01CB0E001A7C22 /* TakApp.swift in Sources */,
			);
			runOnlyForDeploymentPostprocessing = 0;
		};
		ECFE09642A01CB0F001A7C22 /* Sources */ = {
			isa = PBXSourcesBuildPhase;
			buildActionMask = 2147483647;
			files = (
				ECFE096D2A01CB0F001A7C22 /* TakTests.swift in Sources */,
			);
			runOnlyForDeploymentPostprocessing = 0;
		};
		ECFE096E2A01CB0F001A7C22 /* Sources */ = {
			isa = PBXSourcesBuildPhase;
			buildActionMask = 2147483647;
			files = (
				ECFE09772A01CB0F001A7C22 /* TakUITests.swift in Sources */,
				ECFE09792A01CB0F001A7C22 /* TakUITestsLaunchTests.swift in Sources */,
			);
			runOnlyForDeploymentPostprocessing = 0;
		};
/* End PBXSourcesBuildPhase section */

/* Begin PBXTargetDependency section */
		ECFE096A2A01CB0F001A7C22 /* PBXTargetDependency */ = {
			isa = PBXTargetDependency;
			target = ECFE09572A01CB0E001A7C22 /* Tak */;
			targetProxy = ECFE09692A01CB0F001A7C22 /* PBXContainerItemProxy */;
		};
		ECFE09742A01CB0F001A7C22 /* PBXTargetDependency */ = {
			isa = PBXTargetDependency;
			target = ECFE09572A01CB0E001A7C22 /* Tak */;
			targetProxy = ECFE09732A01CB0F001A7C22 /* PBXContainerItemProxy */;
		};
/* End PBXTargetDependency section */

/* Begin XCBuildConfiguration section */
		ECFE097A2A01CB0F001A7C22 /* Debug */ = {
			isa = XCBuildConfiguration;
			buildSettings = {
				ALWAYS_SEARCH_USER_PATHS = NO;
				CLANG_ANALYZER_NONNULL = YES;
				CLANG_ANALYZER_NUMBER_OBJECT_CONVERSION = YES_AGGRESSIVE;
				CLANG_CXX_LANGUAGE_STANDARD = "gnu++20";
				CLANG_ENABLE_MODULES = YES;
				CLANG_ENABLE_OBJC_ARC = YES;
				CLANG_ENABLE_OBJC_WEAK = YES;
				CLANG_WARN_BLOCK_CAPTURE_AUTORELEASING = YES;
				CLANG_WARN_BOOL_CONVERSION = YES;
				CLANG_WARN_COMMA = YES;
				CLANG_WARN_CONSTANT_CONVERSION = YES;
				CLANG_WARN_DEPRECATED_OBJC_IMPLEMENTATIONS = YES;
				CLANG_WARN_DIRECT_OBJC_ISA_USAGE = YES_ERROR;
				CLANG_WARN_DOCUMENTATION_COMMENTS = YES;
				CLANG_WARN_EMPTY_BODY = YES;
				CLANG_WARN_ENUM_CONVERSION = YES;
				CLANG_WARN_INFINITE_RECURSION = YES;
				CLANG_WARN_INT_CONVERSION = YES;
				CLANG_WARN_NON_LITERAL_NULL_CONVERSION = YES;
				CLANG_WARN_OBJC_IMPLICIT_RETAIN_SELF = YES;
				CLANG_WARN_OBJC_LITERAL_CONVERSION = YES;
				CLANG_WARN_OBJC_ROOT_CLASS = YES_ERROR;
				CLANG_WARN_QUOTED_INCLUDE_IN_FRAMEWORK_HEADER = YES;
				CLANG_WARN_RANGE_LOOP_ANALYSIS = YES;
				CLANG_WARN_STRICT_PROTOTYPES = YES;
				CLANG_WARN_SUSPICIOUS_MOVE = YES;
				CLANG_WARN_UNGUARDED_AVAILABILITY = YES_AGGRESSIVE;
				CLANG_WARN_UNREACHABLE_CODE = YES;
				CLANG_WARN__DUPLICATE_METHOD_MATCH = YES;
				COPY_PHASE_STRIP = NO;
				DEBUG_INFORMATION_FORMAT = dwarf;
				ENABLE_STRICT_OBJC_MSGSEND = YES;
				ENABLE_TESTABILITY = YES;
				GCC_C_LANGUAGE_STANDARD = gnu11;
				GCC_DYNAMIC_NO_PIC = NO;
				GCC_NO_COMMON_BLOCKS = YES;
				GCC_OPTIMIZATION_LEVEL = 0;
				GCC_PREPROCESSOR_DEFINITIONS = (
					"DEBUG=1",
					"$(inherited)",
				);
				GCC_WARN_64_TO_32_BIT_CONVERSION = YES;
				GCC_WARN_ABOUT_RETURN_TYPE = YES_ERROR;
				GCC_WARN_UNDECLARED_SELECTOR = YES;
				GCC_WARN_UNINITIALIZED_AUTOS = YES_AGGRESSIVE;
				GCC_WARN_UNUSED_FUNCTION = YES;
				GCC_WARN_UNUSED_VARIABLE = YES;
				IPHONEOS_DEPLOYMENT_TARGET = 16.4;
				MTL_ENABLE_DEBUG_INFO = INCLUDE_SOURCE;
				MTL_FAST_MATH = YES;
				ONLY_ACTIVE_ARCH = YES;
				SDKROOT = iphoneos;
				SWIFT_ACTIVE_COMPILATION_CONDITIONS = DEBUG;
				SWIFT_OPTIMIZATION_LEVEL = "-Onone";
			};
			name = Debug;
		};
		ECFE097B2A01CB0F001A7C22 /* Release */ = {
			isa = XCBuildConfiguration;
			buildSettings = {
				ALWAYS_SEARCH_USER_PATHS = NO;
				CLANG_ANALYZER_NONNULL = YES;
				CLANG_ANALYZER_NUMBER_OBJECT_CONVERSION = YES_AGGRESSIVE;
				CLANG_CXX_LANGUAGE_STANDARD = "gnu++20";
				CLANG_ENABLE_MODULES = YES;
				CLANG_ENABLE_OBJC_ARC = YES;
				CLANG_ENABLE_OBJC_WEAK = YES;
				CLANG_WARN_BLOCK_CAPTURE_AUTORELEASING = YES;
				CLANG_WARN_BOOL_CONVERSION = YES;
				CLANG_WARN_COMMA = YES;
				CLANG_WARN_CONSTANT_CONVERSION = YES;
				CLANG_WARN_DEPRECATED_OBJC_IMPLEMENTATIONS = YES;
				CLANG_WARN_DIRECT_OBJC_ISA_USAGE = YES_ERROR;
				CLANG_WARN_DOCUMENTATION_COMMENTS = YES;
				CLANG_WARN_EMPTY_BODY = YES;
				CLANG_WARN_ENUM_CONVERSION = YES;
				CLANG_WARN_INFINITE_RECURSION = YES;
				CLANG_WARN_INT_CONVERSION = YES;
				CLANG_WARN_NON_LITERAL_NULL_CONVERSION = YES;
				CLANG_WARN_OBJC_IMPLICIT_RETAIN_SELF = YES;
				CLANG_WARN_OBJC_LITERAL_CONVERSION = YES;
				CLANG_WARN_OBJC_ROOT_CLASS = YES_ERROR;
				CLANG_WARN_QUOTED_INCLUDE_IN_FRAMEWORK_HEADER = YES;
				CLANG_WARN_RANGE_LOOP_ANALYSIS = YES;
				CLANG_WARN_STRICT_PROTOTYPES = YES;
				CLANG_WARN_SUSPICIOUS_MOVE = YES;
				CLANG_WARN_UNGUARDED_AVAILABILITY = YES_AGGRESSIVE;
				CLANG_WARN_UNREACHABLE_CODE = YES;
				CLANG_WARN__DUPLICATE_METHOD_MATCH = YES;
				COPY_PHASE_STRIP = NO;
				DEBUG_INFORMATION_FORMAT = "dwarf-with-dsym";
				ENABLE_NS_ASSERTIONS = NO;
				ENABLE_STRICT_OBJC_MSGSEND = YES;
				GCC_C_LANGUAGE_STANDARD = gnu11;
				GCC_NO_COMMON_BLOCKS = YES;
				GCC_WARN_64_TO_32_BIT_CONVERSION = YES;
				GCC_WARN_ABOUT_RETURN_TYPE = YES_ERROR;
				GCC_WARN_UNDECLARED_SELECTOR = YES;
				GCC_WARN_UNINITIALIZED_AUTOS = YES_AGGRESSIVE;
				GCC_WARN_UNUSED_FUNCTION = YES;
				GCC_WARN_UNUSED_VARIABLE = YES;
				IPHONEOS_DEPLOYMENT_TARGET = 16.4;
				MTL_ENABLE_DEBUG_INFO = NO;
				MTL_FAST_MATH = YES;
				SDKROOT = iphoneos;
				SWIFT_COMPILATION_MODE = wholemodule;
				SWIFT_OPTIMIZATION_LEVEL = "-O";
				VALIDATE_PRODUCT = YES;
			};
			name = Release;
		};
		ECFE097D2A01CB0F001A7C22 /* Debug */ = {
			isa = XCBuildConfiguration;
			buildSettings = {
				ASSETCATALOG_COMPILER_APPICON_NAME = AppIcon;
				ASSETCATALOG_COMPILER_GLOBAL_ACCENT_COLOR_NAME = AccentColor;
				CODE_SIGN_STYLE = Automatic;
				CURRENT_PROJECT_VERSION = 1;
				DEVELOPMENT_ASSET_PATHS = "\"Tak/Preview Content\"";
				DEVELOPMENT_TEAM = ZT7SUBW8AT;
				ENABLE_PREVIEWS = YES;
				GENERATE_INFOPLIST_FILE = YES;
				INFOPLIST_KEY_UIApplicationSceneManifest_Generation = YES;
				INFOPLIST_KEY_UIApplicationSupportsIndirectInputEvents = YES;
				INFOPLIST_KEY_UILaunchScreen_Generation = YES;
				INFOPLIST_KEY_UISupportedInterfaceOrientations_iPad = "UIInterfaceOrientationPortrait UIInterfaceOrientationPortraitUpsideDown UIInterfaceOrientationLandscapeLeft UIInterfaceOrientationLandscapeRight";
				INFOPLIST_KEY_UISupportedInterfaceOrientations_iPhone = "UIInterfaceOrientationPortrait UIInterfaceOrientationLandscapeLeft UIInterfaceOrientationLandscapeRight";
				LD_RUNPATH_SEARCH_PATHS = (
					"$(inherited)",
					"@executable_path/Frameworks",
				);
				MARKETING_VERSION = 1.0;
				PRODUCT_BUNDLE_IDENTIFIER = PeetDanson.Tak;
				PRODUCT_NAME = "$(TARGET_NAME)";
				SWIFT_EMIT_LOC_STRINGS = YES;
				SWIFT_VERSION = 5.0;
				TARGETED_DEVICE_FAMILY = "1,2";
			};
			name = Debug;
		};
		ECFE097E2A01CB0F001A7C22 /* Release */ = {
			isa = XCBuildConfiguration;
			buildSettings = {
				ASSETCATALOG_COMPILER_APPICON_NAME = AppIcon;
				ASSETCATALOG_COMPILER_GLOBAL_ACCENT_COLOR_NAME = AccentColor;
				CODE_SIGN_STYLE = Automatic;
				CURRENT_PROJECT_VERSION = 1;
				DEVELOPMENT_ASSET_PATHS = "\"Tak/Preview Content\"";
				DEVELOPMENT_TEAM = ZT7SUBW8AT;
				ENABLE_PREVIEWS = YES;
				GENERATE_INFOPLIST_FILE = YES;
				INFOPLIST_KEY_UIApplicationSceneManifest_Generation = YES;
				INFOPLIST_KEY_UIApplicationSupportsIndirectInputEvents = YES;
				INFOPLIST_KEY_UILaunchScreen_Generation = YES;
				INFOPLIST_KEY_UISupportedInterfaceOrientations_iPad = "UIInterfaceOrientationPortrait UIInterfaceOrientationPortraitUpsideDown UIInterfaceOrientationLandscapeLeft UIInterfaceOrientationLandscapeRight";
				INFOPLIST_KEY_UISupportedInterfaceOrientations_iPhone = "UIInterfaceOrientationPortrait UIInterfaceOrientationLandscapeLeft UIInterfaceOrientationLandscapeRight";
				LD_RUNPATH_SEARCH_PATHS = (
					"$(inherited)",
					"@executable_path/Frameworks",
				);
				MARKETING_VERSION = 1.0;
				PRODUCT_BUNDLE_IDENTIFIER = PeetDanson.Tak;
				PRODUCT_NAME = "$(TARGET_NAME)";
				SWIFT_EMIT_LOC_STRINGS = YES;
				SWIFT_VERSION = 5.0;
				TARGETED_DEVICE_FAMILY = "1,2";
			};
			name = Release;
		};
		ECFE09802A01CB0F001A7C22 /* Debug */ = {
			isa = XCBuildConfiguration;
			buildSettings = {
				ALWAYS_EMBED_SWIFT_STANDARD_LIBRARIES = YES;
				BUNDLE_LOADER = "$(TEST_HOST)";
				CODE_SIGN_STYLE = Automatic;
				CURRENT_PROJECT_VERSION = 1;
				DEVELOPMENT_TEAM = ZT7SUBW8AT;
				GENERATE_INFOPLIST_FILE = YES;
				IPHONEOS_DEPLOYMENT_TARGET = 16.4;
				MARKETING_VERSION = 1.0;
				PRODUCT_BUNDLE_IDENTIFIER = PeetDanson.TakTests;
				PRODUCT_NAME = "$(TARGET_NAME)";
				SWIFT_EMIT_LOC_STRINGS = NO;
				SWIFT_VERSION = 5.0;
				TARGETED_DEVICE_FAMILY = "1,2";
				TEST_HOST = "$(BUILT_PRODUCTS_DIR)/Tak.app/$(BUNDLE_EXECUTABLE_FOLDER_PATH)/Tak";
			};
			name = Debug;
		};
		ECFE09812A01CB0F001A7C22 /* Release */ = {
			isa = XCBuildConfiguration;
			buildSettings = {
				ALWAYS_EMBED_SWIFT_STANDARD_LIBRARIES = YES;
				BUNDLE_LOADER = "$(TEST_HOST)";
				CODE_SIGN_STYLE = Automatic;
				CURRENT_PROJECT_VERSION = 1;
				DEVELOPMENT_TEAM = ZT7SUBW8AT;
				GENERATE_INFOPLIST_FILE = YES;
				IPHONEOS_DEPLOYMENT_TARGET = 16.4;
				MARKETING_VERSION = 1.0;
				PRODUCT_BUNDLE_IDENTIFIER = PeetDanson.TakTests;
				PRODUCT_NAME = "$(TARGET_NAME)";
				SWIFT_EMIT_LOC_STRINGS = NO;
				SWIFT_VERSION = 5.0;
				TARGETED_DEVICE_FAMILY = "1,2";
				TEST_HOST = "$(BUILT_PRODUCTS_DIR)/Tak.app/$(BUNDLE_EXECUTABLE_FOLDER_PATH)/Tak";
			};
			name = Release;
		};
		ECFE09832A01CB0F001A7C22 /* Debug */ = {
			isa = XCBuildConfiguration;
			buildSettings = {
				ALWAYS_EMBED_SWIFT_STANDARD_LIBRARIES = YES;
				CODE_SIGN_STYLE = Automatic;
				CURRENT_PROJECT_VERSION = 1;
				DEVELOPMENT_TEAM = ZT7SUBW8AT;
				GENERATE_INFOPLIST_FILE = YES;
				MARKETING_VERSION = 1.0;
				PRODUCT_BUNDLE_IDENTIFIER = PeetDanson.TakUITests;
				PRODUCT_NAME = "$(TARGET_NAME)";
				SWIFT_EMIT_LOC_STRINGS = NO;
				SWIFT_VERSION = 5.0;
				TARGETED_DEVICE_FAMILY = "1,2";
				TEST_TARGET_NAME = Tak;
			};
			name = Debug;
		};
		ECFE09842A01CB0F001A7C22 /* Release */ = {
			isa = XCBuildConfiguration;
			buildSettings = {
				ALWAYS_EMBED_SWIFT_STANDARD_LIBRARIES = YES;
				CODE_SIGN_STYLE = Automatic;
				CURRENT_PROJECT_VERSION = 1;
				DEVELOPMENT_TEAM = ZT7SUBW8AT;
				GENERATE_INFOPLIST_FILE = YES;
				MARKETING_VERSION = 1.0;
				PRODUCT_BUNDLE_IDENTIFIER = PeetDanson.TakUITests;
				PRODUCT_NAME = "$(TARGET_NAME)";
				SWIFT_EMIT_LOC_STRINGS = NO;
				SWIFT_VERSION = 5.0;
				TARGETED_DEVICE_FAMILY = "1,2";
				TEST_TARGET_NAME = Tak;
			};
			name = Release;
		};
/* End XCBuildConfiguration section */

/* Begin XCConfigurationList section */
		ECFE09532A01CB0E001A7C22 /* Build configuration list for PBXProject "Tak" */ = {
			isa = XCConfigurationList;
			buildConfigurations = (
				ECFE097A2A01CB0F001A7C22 /* Debug */,
				ECFE097B2A01CB0F001A7C22 /* Release */,
			);
			defaultConfigurationIsVisible = 0;
			defaultConfigurationName = Release;
		};
		ECFE097C2A01CB0F001A7C22 /* Build configuration list for PBXNativeTarget "Tak" */ = {
			isa = XCConfigurationList;
			buildConfigurations = (
				ECFE097D2A01CB0F001A7C22 /* Debug */,
				ECFE097E2A01CB0F001A7C22 /* Release */,
			);
			defaultConfigurationIsVisible = 0;
			defaultConfigurationName = Release;
		};
		ECFE097F2A01CB0F001A7C22 /* Build configuration list for PBXNativeTarget "TakTests" */ = {
			isa = XCConfigurationList;
			buildConfigurations = (
				ECFE09802A01CB0F001A7C22 /* Debug */,
				ECFE09812A01CB0F001A7C22 /* Release */,
			);
			defaultConfigurationIsVisible = 0;
			defaultConfigurationName = Release;
		};
		ECFE09822A01CB0F001A7C22 /* Build configuration list for PBXNativeTarget "TakUITests" */ = {
			isa = XCConfigurationList;
			buildConfigurations = (
				ECFE09832A01CB0F001A7C22 /* Debug */,
				ECFE09842A01CB0F001A7C22 /* Release */,
			);
			defaultConfigurationIsVisible = 0;
			defaultConfigurationName = Release;
		};
/* End XCConfigurationList section */
	};
	rootObject = ECFE09502A01CB0E001A7C22 /* Project object */;
}
